<?xml version="1.0" encoding="utf-8"?>
<Project ToolsVersion="4.0" xmlns="http://schemas.microsoft.com/developer/msbuild/2003">
  <ItemGroup>
    <Filter Include="소스 파일">
      <UniqueIdentifier>{4FC737F1-C7A5-4376-A066-2A32D752A2FF}</UniqueIdentifier>
      <Extensions>cpp;c;cc;cxx;def;odl;idl;hpj;bat;asm;asmx</Extensions>
    </Filter>
    <Filter Include="헤더 파일">
      <UniqueIdentifier>{93995380-89BD-4b04-88EB-625FBE52EBFB}</UniqueIdentifier>
      <Extensions>h;hh;hpp;hxx;hm;inl;inc;ipp;xsd</Extensions>
    </Filter>
    <Filter Include="리소스 파일">
      <UniqueIdentifier>{67DA6AB6-F800-4c08-8B7A-83BB121AAD01}</UniqueIdentifier>
      <Extensions>rc;ico;cur;bmp;dlg;rc2;rct;bin;rgs;gif;jpg;jpeg;jpe;resx;tiff;tif;png;wav;mfcribbon-ms</Extensions>
    </Filter>
    <Filter Include="소스 파일\Manager">
      <UniqueIdentifier>{712cf43d-817e-4901-a7e7-2f176eb7e185}</UniqueIdentifier>
    </Filter>
    <Filter Include="헤더 파일\else">
      <UniqueIdentifier>{7cc05631-b025-4412-9ea9-029e1ea0c375}</UniqueIdentifier>
    </Filter>
    <Filter Include="헤더 파일\Manager">
      <UniqueIdentifier>{2a1ced85-98d6-4a2c-8e8b-78482c09342d}</UniqueIdentifier>
    </Filter>
    <Filter Include="소스 파일\xml">
      <UniqueIdentifier>{8af5f30a-9b6c-4872-b6a3-23e41e99b486}</UniqueIdentifier>
    </Filter>
  </ItemGroup>
  <ItemGroup>
    <ClInclude Include="ShootingStars.h">
      <Filter>헤더 파일</Filter>
    </ClInclude>
    <ClInclude Include="Define.h">
      <Filter>헤더 파일</Filter>
    </ClInclude>
    <ClInclude Include="CEffect.h">
      <Filter>헤더 파일</Filter>
    </ClInclude>
    <ClInclude Include="Resource.h">
      <Filter>헤더 파일\else</Filter>
    </ClInclude>
    <ClInclude Include="framework.h">
      <Filter>헤더 파일\else</Filter>
    </ClInclude>
    <ClInclude Include="targetver.h">
      <Filter>헤더 파일\else</Filter>
    </ClInclude>
    <ClInclude Include="CMainManager.h">
      <Filter>헤더 파일\Manager</Filter>
    </ClInclude>
    <ClInclude Include="CPlayManager.h">
      <Filter>헤더 파일\Manager</Filter>
    </ClInclude>
    <ClInclude Include="CProcessManager.h">
      <Filter>헤더 파일\Manager</Filter>
    </ClInclude>
    <ClInclude Include="CGameFrame.h">
      <Filter>헤더 파일</Filter>
    </ClInclude>
    <ClInclude Include="CPlayer.h">
      <Filter>헤더 파일</Filter>
    </ClInclude>
    <ClInclude Include="CBackground.h">
      <Filter>헤더 파일</Filter>
    </ClInclude>
    <ClInclude Include="CItem.h">
      <Filter>헤더 파일</Filter>
    </ClInclude>
    <ClInclude Include="CWeapon.h">
      <Filter>헤더 파일</Filter>
    </ClInclude>
    <ClInclude Include="CEnemy.h">
      <Filter>헤더 파일</Filter>
    </ClInclude>
    <ClInclude Include="CEnemyObject.h">
      <Filter>헤더 파일</Filter>
    </ClInclude>
    <ClInclude Include="CBoss.h">
      <Filter>헤더 파일</Filter>
    </ClInclude>
    <ClInclude Include="CRank.h">
      <Filter>헤더 파일</Filter>
    </ClInclude>
    <ClInclude Include="happyhttp.h">
      <Filter>헤더 파일\else</Filter>
    </ClInclude>
    <ClInclude Include="CRankManager.h">
      <Filter>헤더 파일\Manager</Filter>
    </ClInclude>
    <ClInclude Include="CGameResult.h">
      <Filter>헤더 파일</Filter>
    </ClInclude>
    <ClInclude Include="tinystr.h">
      <Filter>소스 파일\xml</Filter>
    </ClInclude>
    <ClInclude Include="tinyxml.h">
      <Filter>소스 파일\xml</Filter>
    </ClInclude>
    <ClInclude Include="CLoadStage.h">
      <Filter>헤더 파일</Filter>
    </ClInclude>
    <ClInclude Include="CStage.h">
      <Filter>헤더 파일</Filter>
    </ClInclude>
  </ItemGroup>
  <ItemGroup>
    <ClCompile Include="ShootingStars.cpp">
      <Filter>소스 파일</Filter>
    </ClCompile>
    <ClCompile Include="CEffect.cpp">
      <Filter>소스 파일</Filter>
    </ClCompile>
    <ClCompile Include="CProcessManager.cpp">
      <Filter>소스 파일\Manager</Filter>
    </ClCompile>
    <ClCompile Include="CPlayManager.cpp">
      <Filter>소스 파일\Manager</Filter>
    </ClCompile>
    <ClCompile Include="CMainManager.cpp">
      <Filter>소스 파일\Manager</Filter>
    </ClCompile>
    <ClCompile Include="CMain.cpp">
      <Filter>소스 파일</Filter>
    </ClCompile>
    <ClCompile Include="CGameFrame.cpp">
      <Filter>소스 파일</Filter>
    </ClCompile>
    <ClCompile Include="CPlayer.cpp">
      <Filter>소스 파일</Filter>
    </ClCompile>
    <ClCompile Include="CBackground.cpp">
      <Filter>소스 파일</Filter>
    </ClCompile>
    <ClCompile Include="CItem.cpp">
      <Filter>소스 파일</Filter>
    </ClCompile>
    <ClCompile Include="CWeapon.cpp">
      <Filter>소스 파일</Filter>
    </ClCompile>
    <ClCompile Include="CEnemy.cpp">
      <Filter>소스 파일</Filter>
    </ClCompile>
    <ClCompile Include="CBoss.cpp">
      <Filter>소스 파일</Filter>
    </ClCompile>
    <ClCompile Include="happyhttp.cpp">
      <Filter>소스 파일</Filter>
    </ClCompile>
    <ClCompile Include="CRank.cpp">
      <Filter>소스 파일</Filter>
    </ClCompile>
    <ClCompile Include="CRankManager.cpp">
      <Filter>소스 파일\Manager</Filter>
    </ClCompile>
    <ClCompile Include="CGameResult.cpp">
      <Filter>소스 파일</Filter>
    </ClCompile>
    <ClCompile Include="tinystr.cpp">
      <Filter>소스 파일\xml</Filter>
    </ClCompile>
    <ClCompile Include="tinyxml.cpp">
      <Filter>소스 파일\xml</Filter>
    </ClCompile>
    <ClCompile Include="tinyxmlerror.cpp">
      <Filter>소스 파일\xml</Filter>
    </ClCompile>
    <ClCompile Include="tinyxmlparser.cpp">
      <Filter>소스 파일\xml</Filter>
    </ClCompile>
    <ClCompile Include="CLoadStage.cpp">
      <Filter>소스 파일</Filter>
    </ClCompile>
  </ItemGroup>
  <ItemGroup>
    <ResourceCompile Include="ShootingStars.rc">
      <Filter>리소스 파일</Filter>
    </ResourceCompile>
  </ItemGroup>
  <ItemGroup>
    <Image Include="small.ico">
      <Filter>리소스 파일</Filter>
    </Image>
    <Image Include="ShootingStars.ico">
      <Filter>리소스 파일</Filter>
    </Image>
    <Image Include="star.ico">
      <Filter>리소스 파일</Filter>
    </Image>
  </ItemGroup>
</Project>